
Microsoft Visual Studio Solution File, Format Version 12.00
# Visual Studio Version 17
VisualStudioVersion = 17.8.34316.72
MinimumVisualStudioVersion = 10.0.40219.1
Project("{FAE04EC0-301F-11D3-BF4B-00C04F79EFBC}") = "HARDCOREGYMPIA", "HARDCOREGYMPIA\HARDCOREGYMPIA.csproj", "{5660EA38-97FF-44B2-A66E-9F42F4A38A2A}"
EndProject
Global
	GlobalSection(SolutionConfigurationPlatforms) = preSolution
		Debug|Any CPU = Debug|Any CPU
		Release|Any CPU = Release|Any CPU
	EndGlobalSection
	GlobalSection(ProjectConfigurationPlatforms) = postSolution
		{5660EA38-97FF-44B2-A66E-9F42F4A38A2A}.Debug|Any CPU.ActiveCfg = Debug|Any CPU
		{5660EA38-97FF-44B2-A66E-9F42F4A38A2A}.Debug|Any CPU.Build.0 = Debug|Any CPU
		{5660EA38-97FF-44B2-A66E-9F42F4A38A2A}.Release|Any CPU.ActiveCfg = Release|Any CPU
		{5660EA38-97FF-44B2-A66E-9F42F4A38A2A}.Release|Any CPU.Build.0 = Release|Any CPU
	EndGlobalSection
	GlobalSection(SolutionProperties) = preSolution
		HideSolutionNode = FALSE
	EndGlobalSection
	GlobalSection(ExtensibilityGlobals) = postSolution
		SolutionGuid = {B9F7614F-22EC-4E00-99AF-53E9606B67BA}
	EndGlobalSection
EndGlobal
